// !$*UTF8*$!
{
	archiveVersion = 1;
	classes = {
	};
	objectVersion = 46;
	objects = {

/* Begin PBXBuildFile section */
		0E2EF908E28F4F562C8A2790 /* libPods-testhockey.a in Frameworks */ = {isa = PBXBuildFile; fileRef = 06AE7CCA0151188DE5264D8B /* libPods-testhockey.a */; };
		56D95C0D8410F5296027F5B1 /* libPods-testhockeyUITests.a in Frameworks */ = {isa = PBXBuildFile; fileRef = 33FA52E57B1B9273A81CECEE /* libPods-testhockeyUITests.a */; };
		5A046C101D73071E002B1650 /* main.m in Sources */ = {isa = PBXBuildFile; fileRef = 5A046C0F1D73071E002B1650 /* main.m */; };
		5A046C131D73071E002B1650 /* AppDelegate.m in Sources */ = {isa = PBXBuildFile; fileRef = 5A046C121D73071E002B1650 /* AppDelegate.m */; };
		5A046C161D73071E002B1650 /* ViewController.m in Sources */ = {isa = PBXBuildFile; fileRef = 5A046C151D73071E002B1650 /* ViewController.m */; };
		5A046C191D73071E002B1650 /* Main.storyboard in Resources */ = {isa = PBXBuildFile; fileRef = 5A046C171D73071E002B1650 /* Main.storyboard */; };
		5A046C1B1D73071E002B1650 /* Assets.xcassets in Resources */ = {isa = PBXBuildFile; fileRef = 5A046C1A1D73071E002B1650 /* Assets.xcassets */; };
		5A046C1E1D73071E002B1650 /* LaunchScreen.storyboard in Resources */ = {isa = PBXBuildFile; fileRef = 5A046C1C1D73071E002B1650 /* LaunchScreen.storyboard */; };
		5A046C291D73071E002B1650 /* testhockeyTests.m in Sources */ = {isa = PBXBuildFile; fileRef = 5A046C281D73071E002B1650 /* testhockeyTests.m */; };
		5A046C341D73071E002B1650 /* testhockeyUITests.m in Sources */ = {isa = PBXBuildFile; fileRef = 5A046C331D73071E002B1650 /* testhockeyUITests.m */; };
		694738668378EDB5CAD201C4 /* libPods-testhockeyTests.a in Frameworks */ = {isa = PBXBuildFile; fileRef = 1D49F7301DD4EFCE570E256C /* libPods-testhockeyTests.a */; };
/* End PBXBuildFile section */

/* Begin PBXContainerItemProxy section */
		5A046C251D73071E002B1650 /* PBXContainerItemProxy */ = {
			isa = PBXContainerItemProxy;
			containerPortal = 5A046C031D73071C002B1650 /* Project object */;
			proxyType = 1;
			remoteGlobalIDString = 5A046C0A1D73071C002B1650;
			remoteInfo = testhockey;
		};
		5A046C301D73071E002B1650 /* PBXContainerItemProxy */ = {
			isa = PBXContainerItemProxy;
			containerPortal = 5A046C031D73071C002B1650 /* Project object */;
			proxyType = 1;
			remoteGlobalIDString = 5A046C0A1D73071C002B1650;
			remoteInfo = testhockey;
		};
/* End PBXContainerItemProxy section */

/* Begin PBXFileReference section */
		06AE7CCA0151188DE5264D8B /* libPods-testhockey.a */ = {isa = PBXFileReference; explicitFileType = archive.ar; includeInIndex = 0; path = "libPods-testhockey.a"; sourceTree = BUILT_PRODUCTS_DIR; };
		0B9225F3D6B07F0E18DCBD2B /* Pods-testhockey.release.xcconfig */ = {isa = PBXFileReference; includeInIndex = 1; lastKnownFileType = text.xcconfig; name = "Pods-testhockey.release.xcconfig"; path = "Pods/Target Support Files/Pods-testhockey/Pods-testhockey.release.xcconfig"; sourceTree = "<group>"; };
		1D49F7301DD4EFCE570E256C /* libPods-testhockeyTests.a */ = {isa = PBXFileReference; explicitFileType = archive.ar; includeInIndex = 0; path = "libPods-testhockeyTests.a"; sourceTree = BUILT_PRODUCTS_DIR; };
		33FA52E57B1B9273A81CECEE /* libPods-testhockeyUITests.a */ = {isa = PBXFileReference; explicitFileType = archive.ar; includeInIndex = 0; path = "libPods-testhockeyUITests.a"; sourceTree = BUILT_PRODUCTS_DIR; };
		4E149E191B3A8EE4DF21BEDD /* Pods-testhockey.debug.xcconfig */ = {isa = PBXFileReference; includeInIndex = 1; lastKnownFileType = text.xcconfig; name = "Pods-testhockey.debug.xcconfig"; path = "Pods/Target Support Files/Pods-testhockey/Pods-testhockey.debug.xcconfig"; sourceTree = "<group>"; };
		4FB4620773B1EBC4BA265DA2 /* Pods-testhockeyUITests.release.xcconfig */ = {isa = PBXFileReference; includeInIndex = 1; lastKnownFileType = text.xcconfig; name = "Pods-testhockeyUITests.release.xcconfig"; path = "Pods/Target Support Files/Pods-testhockeyUITests/Pods-testhockeyUITests.release.xcconfig"; sourceTree = "<group>"; };
		5A046C0B1D73071C002B1650 /* testhockey.app */ = {isa = PBXFileReference; explicitFileType = wrapper.application; includeInIndex = 0; path = testhockey.app; sourceTree = BUILT_PRODUCTS_DIR; };
		5A046C0F1D73071E002B1650 /* main.m */ = {isa = PBXFileReference; lastKnownFileType = sourcecode.c.objc; path = main.m; sourceTree = "<group>"; };
		5A046C111D73071E002B1650 /* AppDelegate.h */ = {isa = PBXFileReference; lastKnownFileType = sourcecode.c.h; path = AppDelegate.h; sourceTree = "<group>"; };
		5A046C121D73071E002B1650 /* AppDelegate.m */ = {isa = PBXFileReference; lastKnownFileType = sourcecode.c.objc; path = AppDelegate.m; sourceTree = "<group>"; };
		5A046C141D73071E002B1650 /* ViewController.h */ = {isa = PBXFileReference; lastKnownFileType = sourcecode.c.h; path = ViewController.h; sourceTree = "<group>"; };
		5A046C151D73071E002B1650 /* ViewController.m */ = {isa = PBXFileReference; lastKnownFileType = sourcecode.c.objc; path = ViewController.m; sourceTree = "<group>"; };
		5A046C181D73071E002B1650 /* Base */ = {isa = PBXFileReference; lastKnownFileType = file.storyboard; name = Base; path = Base.lproj/Main.storyboard; sourceTree = "<group>"; };
		5A046C1A1D73071E002B1650 /* Assets.xcassets */ = {isa = PBXFileReference; lastKnownFileType = folder.assetcatalog; path = Assets.xcassets; sourceTree = "<group>"; };
		5A046C1D1D73071E002B1650 /* Base */ = {isa = PBXFileReference; lastKnownFileType = file.storyboard; name = Base; path = Base.lproj/LaunchScreen.storyboard; sourceTree = "<group>"; };
		5A046C1F1D73071E002B1650 /* Info.plist */ = {isa = PBXFileReference; lastKnownFileType = text.plist.xml; path = Info.plist; sourceTree = "<group>"; };
		5A046C241D73071E002B1650 /* testhockeyTests.xctest */ = {isa = PBXFileReference; explicitFileType = wrapper.cfbundle; includeInIndex = 0; path = testhockeyTests.xctest; sourceTree = BUILT_PRODUCTS_DIR; };
		5A046C281D73071E002B1650 /* testhockeyTests.m */ = {isa = PBXFileReference; lastKnownFileType = sourcecode.c.objc; path = testhockeyTests.m; sourceTree = "<group>"; };
		5A046C2A1D73071E002B1650 /* Info.plist */ = {isa = PBXFileReference; lastKnownFileType = text.plist.xml; path = Info.plist; sourceTree = "<group>"; };
		5A046C2F1D73071E002B1650 /* testhockeyUITests.xctest */ = {isa = PBXFileReference; explicitFileType = wrapper.cfbundle; includeInIndex = 0; path = testhockeyUITests.xctest; sourceTree = BUILT_PRODUCTS_DIR; };
		5A046C331D73071E002B1650 /* testhockeyUITests.m */ = {isa = PBXFileReference; lastKnownFileType = sourcecode.c.objc; path = testhockeyUITests.m; sourceTree = "<group>"; };
		5A046C351D73071E002B1650 /* Info.plist */ = {isa = PBXFileReference; lastKnownFileType = text.plist.xml; path = Info.plist; sourceTree = "<group>"; };
		B77C0DEB41ED8F682A7F8180 /* Pods-testhockeyTests.debug.xcconfig */ = {isa = PBXFileReference; includeInIndex = 1; lastKnownFileType = text.xcconfig; name = "Pods-testhockeyTests.debug.xcconfig"; path = "Pods/Target Support Files/Pods-testhockeyTests/Pods-testhockeyTests.debug.xcconfig"; sourceTree = "<group>"; };
		BF765242B9C3D016E78E7BF7 /* Pods-testhockeyTests.release.xcconfig */ = {isa = PBXFileReference; includeInIndex = 1; lastKnownFileType = text.xcconfig; name = "Pods-testhockeyTests.release.xcconfig"; path = "Pods/Target Support Files/Pods-testhockeyTests/Pods-testhockeyTests.release.xcconfig"; sourceTree = "<group>"; };
		DC4EAD6B54AF758D6EF100D3 /* Pods-testhockeyUITests.debug.xcconfig */ = {isa = PBXFileReference; includeInIndex = 1; lastKnownFileType = text.xcconfig; name = "Pods-testhockeyUITests.debug.xcconfig"; path = "Pods/Target Support Files/Pods-testhockeyUITests/Pods-testhockeyUITests.debug.xcconfig"; sourceTree = "<group>"; };
/* End PBXFileReference section */

/* Begin PBXFrameworksBuildPhase section */
		5A046C081D73071C002B1650 /* Frameworks */ = {
			isa = PBXFrameworksBuildPhase;
			buildActionMask = 2147483647;
			files = (
				0E2EF908E28F4F562C8A2790 /* libPods-testhockey.a in Frameworks */,
			);
			runOnlyForDeploymentPostprocessing = 0;
		};
		5A046C211D73071E002B1650 /* Frameworks */ = {
			isa = PBXFrameworksBuildPhase;
			buildActionMask = 2147483647;
			files = (
				694738668378EDB5CAD201C4 /* libPods-testhockeyTests.a in Frameworks */,
			);
			runOnlyForDeploymentPostprocessing = 0;
		};
		5A046C2C1D73071E002B1650 /* Frameworks */ = {
			isa = PBXFrameworksBuildPhase;
			buildActionMask = 2147483647;
			files = (
				56D95C0D8410F5296027F5B1 /* libPods-testhockeyUITests.a in Frameworks */,
			);
			runOnlyForDeploymentPostprocessing = 0;
		};
/* End PBXFrameworksBuildPhase section */

/* Begin PBXGroup section */
		4AEC8EC981464D37C17A0A2F /* Pods */ = {
			isa = PBXGroup;
			children = (
				4E149E191B3A8EE4DF21BEDD /* Pods-testhockey.debug.xcconfig */,
				0B9225F3D6B07F0E18DCBD2B /* Pods-testhockey.release.xcconfig */,
				B77C0DEB41ED8F682A7F8180 /* Pods-testhockeyTests.debug.xcconfig */,
				BF765242B9C3D016E78E7BF7 /* Pods-testhockeyTests.release.xcconfig */,
				DC4EAD6B54AF758D6EF100D3 /* Pods-testhockeyUITests.debug.xcconfig */,
				4FB4620773B1EBC4BA265DA2 /* Pods-testhockeyUITests.release.xcconfig */,
			);
			name = Pods;
			sourceTree = "<group>";
		};
		5A046C021D73071C002B1650 = {
			isa = PBXGroup;
			children = (
				5A046C0D1D73071E002B1650 /* testhockey */,
				5A046C271D73071E002B1650 /* testhockeyTests */,
				5A046C321D73071E002B1650 /* testhockeyUITests */,
				5A046C0C1D73071C002B1650 /* Products */,
				4AEC8EC981464D37C17A0A2F /* Pods */,
				F567D22471C958DFADBE6FC6 /* Frameworks */,
			);
			sourceTree = "<group>";
		};
		5A046C0C1D73071C002B1650 /* Products */ = {
			isa = PBXGroup;
			children = (
				5A046C0B1D73071C002B1650 /* testhockey.app */,
				5A046C241D73071E002B1650 /* testhockeyTests.xctest */,
				5A046C2F1D73071E002B1650 /* testhockeyUITests.xctest */,
			);
			name = Products;
			sourceTree = "<group>";
		};
		5A046C0D1D73071E002B1650 /* testhockey */ = {
			isa = PBXGroup;
			children = (
				5A046C111D73071E002B1650 /* AppDelegate.h */,
				5A046C121D73071E002B1650 /* AppDelegate.m */,
				5A046C141D73071E002B1650 /* ViewController.h */,
				5A046C151D73071E002B1650 /* ViewController.m */,
				5A046C171D73071E002B1650 /* Main.storyboard */,
				5A046C1A1D73071E002B1650 /* Assets.xcassets */,
				5A046C1C1D73071E002B1650 /* LaunchScreen.storyboard */,
				5A046C1F1D73071E002B1650 /* Info.plist */,
				5A046C0E1D73071E002B1650 /* Supporting Files */,
			);
			path = testhockey;
			sourceTree = "<group>";
		};
		5A046C0E1D73071E002B1650 /* Supporting Files */ = {
			isa = PBXGroup;
			children = (
				5A046C0F1D73071E002B1650 /* main.m */,
			);
			name = "Supporting Files";
			sourceTree = "<group>";
		};
		5A046C271D73071E002B1650 /* testhockeyTests */ = {
			isa = PBXGroup;
			children = (
				5A046C281D73071E002B1650 /* testhockeyTests.m */,
				5A046C2A1D73071E002B1650 /* Info.plist */,
			);
			path = testhockeyTests;
			sourceTree = "<group>";
		};
		5A046C321D73071E002B1650 /* testhockeyUITests */ = {
			isa = PBXGroup;
			children = (
				5A046C331D73071E002B1650 /* testhockeyUITests.m */,
				5A046C351D73071E002B1650 /* Info.plist */,
			);
			path = testhockeyUITests;
			sourceTree = "<group>";
		};
		F567D22471C958DFADBE6FC6 /* Frameworks */ = {
			isa = PBXGroup;
			children = (
				06AE7CCA0151188DE5264D8B /* libPods-testhockey.a */,
				1D49F7301DD4EFCE570E256C /* libPods-testhockeyTests.a */,
				33FA52E57B1B9273A81CECEE /* libPods-testhockeyUITests.a */,
			);
			name = Frameworks;
			sourceTree = "<group>";
		};
/* End PBXGroup section */

/* Begin PBXNativeTarget section */
		5A046C0A1D73071C002B1650 /* testhockey */ = {
			isa = PBXNativeTarget;
			buildConfigurationList = 5A046C381D73071E002B1650 /* Build configuration list for PBXNativeTarget "testhockey" */;
			buildPhases = (
				BD93F31FA50F7BC8C8F5D25C /* [CP] Check Pods Manifest.lock */,
				5A046C071D73071C002B1650 /* Sources */,
				5A046C081D73071C002B1650 /* Frameworks */,
				5A046C091D73071C002B1650 /* Resources */,
				E43CCCFD7BF4A3745E8115A4 /* [CP] Embed Pods Frameworks */,
				F1364573BACE6311E67334AE /* [CP] Copy Pods Resources */,
			);
			buildRules = (
			);
			dependencies = (
			);
			name = testhockey;
			productName = testhockey;
			productReference = 5A046C0B1D73071C002B1650 /* testhockey.app */;
			productType = "com.apple.product-type.application";
		};
		5A046C231D73071E002B1650 /* testhockeyTests */ = {
			isa = PBXNativeTarget;
			buildConfigurationList = 5A046C3B1D73071E002B1650 /* Build configuration list for PBXNativeTarget "testhockeyTests" */;
			buildPhases = (
				0265424A2D49C6BAC7DBA007 /* [CP] Check Pods Manifest.lock */,
				5A046C201D73071E002B1650 /* Sources */,
				5A046C211D73071E002B1650 /* Frameworks */,
				5A046C221D73071E002B1650 /* Resources */,
				8C3BBA91D9C03C2576DDF9E9 /* [CP] Embed Pods Frameworks */,
				B45FB1B08E4195545A3A8C73 /* [CP] Copy Pods Resources */,
			);
			buildRules = (
			);
			dependencies = (
				5A046C261D73071E002B1650 /* PBXTargetDependency */,
			);
			name = testhockeyTests;
			productName = testhockeyTests;
			productReference = 5A046C241D73071E002B1650 /* testhockeyTests.xctest */;
			productType = "com.apple.product-type.bundle.unit-test";
		};
		5A046C2E1D73071E002B1650 /* testhockeyUITests */ = {
			isa = PBXNativeTarget;
			buildConfigurationList = 5A046C3E1D73071E002B1650 /* Build configuration list for PBXNativeTarget "testhockeyUITests" */;
			buildPhases = (
				DA12A8DDDF3B2972A0CCDD07 /* [CP] Check Pods Manifest.lock */,
				5A046C2B1D73071E002B1650 /* Sources */,
				5A046C2C1D73071E002B1650 /* Frameworks */,
				5A046C2D1D73071E002B1650 /* Resources */,
				28FE0B1CA8E0F4FCD1D86B69 /* [CP] Copy Pods Resources */,
			);
			buildRules = (
			);
			dependencies = (
				5A046C311D73071E002B1650 /* PBXTargetDependency */,
			);
			name = testhockeyUITests;
			productName = testhockeyUITests;
			productReference = 5A046C2F1D73071E002B1650 /* testhockeyUITests.xctest */;
			productType = "com.apple.product-type.bundle.ui-testing";
		};
/* End PBXNativeTarget section */

/* Begin PBXProject section */
		5A046C031D73071C002B1650 /* Project object */ = {
			isa = PBXProject;
			attributes = {
				LastUpgradeCheck = 0730;
				ORGANIZATIONNAME = pudgeli;
				TargetAttributes = {
					5A046C0A1D73071C002B1650 = {
						CreatedOnToolsVersion = 7.3.1;
					};
					5A046C231D73071E002B1650 = {
						CreatedOnToolsVersion = 7.3.1;
						TestTargetID = 5A046C0A1D73071C002B1650;
					};
					5A046C2E1D73071E002B1650 = {
						CreatedOnToolsVersion = 7.3.1;
						TestTargetID = 5A046C0A1D73071C002B1650;
					};
				};
			};
			buildConfigurationList = 5A046C061D73071C002B1650 /* Build configuration list for PBXProject "testhockey" */;
			compatibilityVersion = "Xcode 3.2";
			developmentRegion = English;
			hasScannedForEncodings = 0;
			knownRegions = (
				en,
				Base,
			);
			mainGroup = 5A046C021D73071C002B1650;
			productRefGroup = 5A046C0C1D73071C002B1650 /* Products */;
			projectDirPath = "";
			projectRoot = "";
			targets = (
				5A046C0A1D73071C002B1650 /* testhockey */,
				5A046C231D73071E002B1650 /* testhockeyTests */,
				5A046C2E1D73071E002B1650 /* testhockeyUITests */,
			);
		};
/* End PBXProject section */

/* Begin PBXResourcesBuildPhase section */
		5A046C091D73071C002B1650 /* Resources */ = {
			isa = PBXResourcesBuildPhase;
			buildActionMask = 2147483647;
			files = (
				5A046C1E1D73071E002B1650 /* LaunchScreen.storyboard in Resources */,
				5A046C1B1D73071E002B1650 /* Assets.xcassets in Resources */,
				5A046C191D73071E002B1650 /* Main.storyboard in Resources */,
			);
			runOnlyForDeploymentPostprocessing = 0;
		};
		5A046C221D73071E002B1650 /* Resources */ = {
			isa = PBXResourcesBuildPhase;
			buildActionMask = 2147483647;
			files = (
			);
			runOnlyForDeploymentPostprocessing = 0;
		};
		5A046C2D1D73071E002B1650 /* Resources */ = {
			isa = PBXResourcesBuildPhase;
			buildActionMask = 2147483647;
			files = (
			);
			runOnlyForDeploymentPostprocessing = 0;
		};
/* End PBXResourcesBuildPhase section */

/* Begin PBXShellScriptBuildPhase section */
		0265424A2D49C6BAC7DBA007 /* [CP] Check Pods Manifest.lock */ = {
			isa = PBXShellScriptBuildPhase;
			buildActionMask = 2147483647;
			files = (
			);
			inputPaths = (
			);
			name = "[CP] Check Pods Manifest.lock";
			outputPaths = (
			);
			runOnlyForDeploymentPostprocessing = 0;
			shellPath = /bin/sh;
			shellScript = "diff \"${PODS_ROOT}/../Podfile.lock\" \"${PODS_ROOT}/Manifest.lock\" > /dev/null\nif [[ $? != 0 ]] ; then\n    cat << EOM\nerror: The sandbox is not in sync with the Podfile.lock. Run 'pod install' or update your CocoaPods installation.\nEOM\n    exit 1\nfi\n";
			showEnvVarsInLog = 0;
		};
		28FE0B1CA8E0F4FCD1D86B69 /* [CP] Copy Pods Resources */ = {
			isa = PBXShellScriptBuildPhase;
			buildActionMask = 2147483647;
			files = (
			);
			inputPaths = (
			);
			name = "[CP] Copy Pods Resources";
			outputPaths = (
			);
			runOnlyForDeploymentPostprocessing = 0;
			shellPath = /bin/sh;
			shellScript = "\"${SRCROOT}/Pods/Target Support Files/Pods-testhockeyUITests/Pods-testhockeyUITests-resources.sh\"\n";
			showEnvVarsInLog = 0;
		};
		8C3BBA91D9C03C2576DDF9E9 /* [CP] Embed Pods Frameworks */ = {
			isa = PBXShellScriptBuildPhase;
			buildActionMask = 2147483647;
			files = (
			);
			inputPaths = (
			);
			name = "[CP] Embed Pods Frameworks";
			outputPaths = (
			);
			runOnlyForDeploymentPostprocessing = 0;
			shellPath = /bin/sh;
			shellScript = "\"${SRCROOT}/Pods/Target Support Files/Pods-testhockeyTests/Pods-testhockeyTests-frameworks.sh\"\n";
			showEnvVarsInLog = 0;
		};
		B45FB1B08E4195545A3A8C73 /* [CP] Copy Pods Resources */ = {
			isa = PBXShellScriptBuildPhase;
			buildActionMask = 2147483647;
			files = (
			);
			inputPaths = (
			);
			name = "[CP] Copy Pods Resources";
			outputPaths = (
			);
			runOnlyForDeploymentPostprocessing = 0;
			shellPath = /bin/sh;
			shellScript = "\"${SRCROOT}/Pods/Target Support Files/Pods-testhockeyTests/Pods-testhockeyTests-resources.sh\"\n";
			showEnvVarsInLog = 0;
		};
		BD93F31FA50F7BC8C8F5D25C /* [CP] Check Pods Manifest.lock */ = {
			isa = PBXShellScriptBuildPhase;
			buildActionMask = 2147483647;
			files = (
			);
			inputPaths = (
			);
			name = "[CP] Check Pods Manifest.lock";
			outputPaths = (
			);
			runOnlyForDeploymentPostprocessing = 0;
			shellPath = /bin/sh;
			shellScript = "diff \"${PODS_ROOT}/../Podfile.lock\" \"${PODS_ROOT}/Manifest.lock\" > /dev/null\nif [[ $? != 0 ]] ; then\n    cat << EOM\nerror: The sandbox is not in sync with the Podfile.lock. Run 'pod install' or update your CocoaPods installation.\nEOM\n    exit 1\nfi\n";
			showEnvVarsInLog = 0;
		};
		DA12A8DDDF3B2972A0CCDD07 /* [CP] Check Pods Manifest.lock */ = {
			isa = PBXShellScriptBuildPhase;
			buildActionMask = 2147483647;
			files = (
			);
			inputPaths = (
			);
			name = "[CP] Check Pods Manifest.lock";
			outputPaths = (
			);
			runOnlyForDeploymentPostprocessing = 0;
			shellPath = /bin/sh;
			shellScript = "diff \"${PODS_ROOT}/../Podfile.lock\" \"${PODS_ROOT}/Manifest.lock\" > /dev/null\nif [[ $? != 0 ]] ; then\n    cat << EOM\nerror: The sandbox is not in sync with the Podfile.lock. Run 'pod install' or update your CocoaPods installation.\nEOM\n    exit 1\nfi\n";
			showEnvVarsInLog = 0;
		};
		E43CCCFD7BF4A3745E8115A4 /* [CP] Embed Pods Frameworks */ = {
			isa = PBXShellScriptBuildPhase;
			buildActionMask = 2147483647;
			files = (
			);
			inputPaths = (
			);
			name = "[CP] Embed Pods Frameworks";
			outputPaths = (
			);
			runOnlyForDeploymentPostprocessing = 0;
			shellPath = /bin/sh;
			shellScript = "\"${SRCROOT}/Pods/Target Support Files/Pods-testhockey/Pods-testhockey-frameworks.sh\"\n";
			showEnvVarsInLog = 0;
		};
		F1364573BACE6311E67334AE /* [CP] Copy Pods Resources */ = {
			isa = PBXShellScriptBuildPhase;
			buildActionMask = 2147483647;
			files = (
			);
			inputPaths = (
			);
			name = "[CP] Copy Pods Resources";
			outputPaths = (
			);
			runOnlyForDeploymentPostprocessing = 0;
			shellPath = /bin/sh;
			shellScript = "\"${SRCROOT}/Pods/Target Support Files/Pods-testhockey/Pods-testhockey-resources.sh\"\n";
			showEnvVarsInLog = 0;
		};
/* End PBXShellScriptBuildPhase section */

/* Begin PBXSourcesBuildPhase section */
		5A046C071D73071C002B1650 /* Sources */ = {
			isa = PBXSourcesBuildPhase;
			buildActionMask = 2147483647;
			files = (
				5A046C161D73071E002B1650 /* ViewController.m in Sources */,
				5A046C131D73071E002B1650 /* AppDelegate.m in Sources */,
				5A046C101D73071E002B1650 /* main.m in Sources */,
			);
			runOnlyForDeploymentPostprocessing = 0;
		};
		5A046C201D73071E002B1650 /* Sources */ = {
			isa = PBXSourcesBuildPhase;
			buildActionMask = 2147483647;
			files = (
				5A046C291D73071E002B1650 /* testhockeyTests.m in Sources */,
			);
			runOnlyForDeploymentPostprocessing = 0;
		};
		5A046C2B1D73071E002B1650 /* Sources */ = {
			isa = PBXSourcesBuildPhase;
			buildActionMask = 2147483647;
			files = (
				5A046C341D73071E002B1650 /* testhockeyUITests.m in Sources */,
			);
			runOnlyForDeploymentPostprocessing = 0;
		};
/* End PBXSourcesBuildPhase section */

/* Begin PBXTargetDependency section */
		5A046C261D73071E002B1650 /* PBXTargetDependency */ = {
			isa = PBXTargetDependency;
			target = 5A046C0A1D73071C002B1650 /* testhockey */;
			targetProxy = 5A046C251D73071E002B1650 /* PBXContainerItemProxy */;
		};
		5A046C311D73071E002B1650 /* PBXTargetDependency */ = {
			isa = PBXTargetDependency;
			target = 5A046C0A1D73071C002B1650 /* testhockey */;
			targetProxy = 5A046C301D73071E002B1650 /* PBXContainerItemProxy */;
		};
/* End PBXTargetDependency section */

/* Begin PBXVariantGroup section */
		5A046C171D73071E002B1650 /* Main.storyboard */ = {
			isa = PBXVariantGroup;
			children = (
				5A046C181D73071E002B1650 /* Base */,
			);
			name = Main.storyboard;
			sourceTree = "<group>";
		};
		5A046C1C1D73071E002B1650 /* LaunchScreen.storyboard */ = {
			isa = PBXVariantGroup;
			children = (
				5A046C1D1D73071E002B1650 /* Base */,
			);
			name = LaunchScreen.storyboard;
			sourceTree = "<group>";
		};
/* End PBXVariantGroup section */

/* Begin XCBuildConfiguration section */
		5A046C361D73071E002B1650 /* Debug */ = {
			isa = XCBuildConfiguration;
			buildSettings = {
				ALWAYS_SEARCH_USER_PATHS = NO;
				CLANG_ANALYZER_NONNULL = YES;
				CLANG_CXX_LANGUAGE_STANDARD = "gnu++0x";
				CLANG_CXX_LIBRARY = "libc++";
				CLANG_ENABLE_MODULES = YES;
				CLANG_ENABLE_OBJC_ARC = YES;
				CLANG_WARN_BOOL_CONVERSION = YES;
				CLANG_WARN_CONSTANT_CONVERSION = YES;
				CLANG_WARN_DIRECT_OBJC_ISA_USAGE = YES_ERROR;
				CLANG_WARN_EMPTY_BODY = YES;
				CLANG_WARN_ENUM_CONVERSION = YES;
				CLANG_WARN_INT_CONVERSION = YES;
				CLANG_WARN_OBJC_ROOT_CLASS = YES_ERROR;
				CLANG_WARN_UNREACHABLE_CODE = YES;
				CLANG_WARN__DUPLICATE_METHOD_MATCH = YES;
				"CODE_SIGN_IDENTITY[sdk=iphoneos*]" = "iPhone Developer";
				COPY_PHASE_STRIP = NO;
				DEBUG_INFORMATION_FORMAT = dwarf;
				ENABLE_STRICT_OBJC_MSGSEND = YES;
				ENABLE_TESTABILITY = YES;
				GCC_C_LANGUAGE_STANDARD = gnu99;
				GCC_DYNAMIC_NO_PIC = NO;
				GCC_NO_COMMON_BLOCKS = YES;
				GCC_OPTIMIZATION_LEVEL = 0;
				GCC_PREPROCESSOR_DEFINITIONS = (
					"DEBUG=1",
					"$(inherited)",
				);
				GCC_WARN_64_TO_32_BIT_CONVERSION = YES;
				GCC_WARN_ABOUT_RETURN_TYPE = YES_ERROR;
				GCC_WARN_UNDECLARED_SELECTOR = YES;
				GCC_WARN_UNINITIALIZED_AUTOS = YES_AGGRESSIVE;
				GCC_WARN_UNUSED_FUNCTION = YES;
				GCC_WARN_UNUSED_VARIABLE = YES;
				IPHONEOS_DEPLOYMENT_TARGET = 9.3;
				MTL_ENABLE_DEBUG_INFO = YES;
				ONLY_ACTIVE_ARCH = YES;
				SDKROOT = iphoneos;
			};
			name = Debug;
		};
		5A046C371D73071E002B1650 /* Release */ = {
			isa = XCBuildConfiguration;
			buildSettings = {
				ALWAYS_SEARCH_USER_PATHS = NO;
				CLANG_ANALYZER_NONNULL = YES;
				CLANG_CXX_LANGUAGE_STANDARD = "gnu++0x";
				CLANG_CXX_LIBRARY = "libc++";
				CLANG_ENABLE_MODULES = YES;
				CLANG_ENABLE_OBJC_ARC = YES;
				CLANG_WARN_BOOL_CONVERSION = YES;
				CLANG_WARN_CONSTANT_CONVERSION = YES;
				CLANG_WARN_DIRECT_OBJC_ISA_USAGE = YES_ERROR;
				CLANG_WARN_EMPTY_BODY = YES;
				CLANG_WARN_ENUM_CONVERSION = YES;
				CLANG_WARN_INT_CONVERSION = YES;
				CLANG_WARN_OBJC_ROOT_CLASS = YES_ERROR;
				CLANG_WARN_UNREACHABLE_CODE = YES;
				CLANG_WARN__DUPLICATE_METHOD_MATCH = YES;
				"CODE_SIGN_IDENTITY[sdk=iphoneos*]" = "iPhone Developer";
				COPY_PHASE_STRIP = NO;
				DEBUG_INFORMATION_FORMAT = "dwarf-with-dsym";
				ENABLE_NS_ASSERTIONS = NO;
				ENABLE_STRICT_OBJC_MSGSEND = YES;
				GCC_C_LANGUAGE_STANDARD = gnu99;
				GCC_NO_COMMON_BLOCKS = YES;
				GCC_WARN_64_TO_32_BIT_CONVERSION = YES;
				GCC_WARN_ABOUT_RETURN_TYPE = YES_ERROR;
				GCC_WARN_UNDECLARED_SELECTOR = YES;
				GCC_WARN_UNINITIALIZED_AUTOS = YES_AGGRESSIVE;
				GCC_WARN_UNUSED_FUNCTION = YES;
				GCC_WARN_UNUSED_VARIABLE = YES;
				IPHONEOS_DEPLOYMENT_TARGET = 9.3;
				MTL_ENABLE_DEBUG_INFO = NO;
				SDKROOT = iphoneos;
				VALIDATE_PRODUCT = YES;
			};
			name = Release;
		};
		5A046C391D73071E002B1650 /* Debug */ = {
			isa = XCBuildConfiguration;
			baseConfigurationReference = 4E149E191B3A8EE4DF21BEDD /* Pods-testhockey.debug.xcconfig */;
			buildSettings = {
				ASSETCATALOG_COMPILER_APPICON_NAME = AppIcon;
				INFOPLIST_FILE = testhockey/Info.plist;
				LD_RUNPATH_SEARCH_PATHS = "$(inherited) @executable_path/Frameworks";
				PRODUCT_BUNDLE_IDENTIFIER = com.pudgeli.testhockey;
				PRODUCT_NAME = "$(TARGET_NAME)";
			};
			name = Debug;
		};
		5A046C3A1D73071E002B1650 /* Release */ = {
			isa = XCBuildConfiguration;
			baseConfigurationReference = 0B9225F3D6B07F0E18DCBD2B /* Pods-testhockey.release.xcconfig */;
			buildSettings = {
				ASSETCATALOG_COMPILER_APPICON_NAME = AppIcon;
				INFOPLIST_FILE = testhockey/Info.plist;
				LD_RUNPATH_SEARCH_PATHS = "$(inherited) @executable_path/Frameworks";
				PRODUCT_BUNDLE_IDENTIFIER = com.pudgeli.testhockey;
				PRODUCT_NAME = "$(TARGET_NAME)";
			};
			name = Release;
		};
		5A046C3C1D73071E002B1650 /* Debug */ = {
			isa = XCBuildConfiguration;
			baseConfigurationReference = B77C0DEB41ED8F682A7F8180 /* Pods-testhockeyTests.debug.xcconfig */;
			buildSettings = {
				BUNDLE_LOADER = "$(TEST_HOST)";
				INFOPLIST_FILE = testhockeyTests/Info.plist;
				LD_RUNPATH_SEARCH_PATHS = "$(inherited) @executable_path/Frameworks @loader_path/Frameworks";
				PRODUCT_BUNDLE_IDENTIFIER = com.pudgeli.testhockeyTests;
				PRODUCT_NAME = "$(TARGET_NAME)";
				TEST_HOST = "$(BUILT_PRODUCTS_DIR)/testhockey.app/testhockey";
			};
			name = Debug;
		};
		5A046C3D1D73071E002B1650 /* Release */ = {
			isa = XCBuildConfiguration;
			baseConfigurationReference = BF765242B9C3D016E78E7BF7 /* Pods-testhockeyTests.release.xcconfig */;
			buildSettings = {
				BUNDLE_LOADER = "$(TEST_HOST)";
				INFOPLIST_FILE = testhockeyTests/Info.plist;
				LD_RUNPATH_SEARCH_PATHS = "$(inherited) @executable_path/Frameworks @loader_path/Frameworks";
				PRODUCT_BUNDLE_IDENTIFIER = com.pudgeli.testhockeyTests;
				PRODUCT_NAME = "$(TARGET_NAME)";
				TEST_HOST = "$(BUILT_PRODUCTS_DIR)/testhockey.app/testhockey";
			};
			name = Release;
		};
		5A046C3F1D73071E002B1650 /* Debug */ = {
			isa = XCBuildConfiguration;
			baseConfigurationReference = DC4EAD6B54AF758D6EF100D3 /* Pods-testhockeyUITests.debug.xcconfig */;
			buildSettings = {
				INFOPLIST_FILE = testhockeyUITests/Info.plist;
				LD_RUNPATH_SEARCH_PATHS = "$(inherited) @executable_path/Frameworks @loader_path/Frameworks";
				PRODUCT_BUNDLE_IDENTIFIER = com.pudgeli.testhockeyUITests;
				PRODUCT_NAME = "$(TARGET_NAME)";
				TEST_TARGET_NAME = testhockey;
			};
			name = Debug;
		};
		5A046C401D73071E002B1650 /* Release */ = {
			isa = XCBuildConfiguration;
			baseConfigurationReference = 4FB4620773B1EBC4BA265DA2 /* Pods-testhockeyUITests.release.xcconfig */;
			buildSettings = {
				INFOPLIST_FILE = testhockeyUITests/Info.plist;
				LD_RUNPATH_SEARCH_PATHS = "$(inherited) @executable_path/Frameworks @loader_path/Frameworks";
				PRODUCT_BUNDLE_IDENTIFIER = com.pudgeli.testhockeyUITests;
				PRODUCT_NAME = "$(TARGET_NAME)";
				TEST_TARGET_NAME = testhockey;
			};
			name = Release;
		};
/* End XCBuildConfiguration section */

/* Begin XCConfigurationList section */
		5A046C061D73071C002B1650 /* Build configuration list for PBXProject "testhockey" */ = {
			isa = XCConfigurationList;
			buildConfigurations = (
				5A046C361D73071E002B1650 /* Debug */,
				5A046C371D73071E002B1650 /* Release */,
			);
			defaultConfigurationIsVisible = 0;
			defaultConfigurationName = Release;
		};
		5A046C381D73071E002B1650 /* Build configuration list for PBXNativeTarget "testhockey" */ = {
			isa = XCConfigurationList;
			buildConfigurations = (
				5A046C391D73071E002B1650 /* Debug */,
				5A046C3A1D73071E002B1650 /* Release */,
			);
			defaultConfigurationIsVisible = 0;
			defaultConfigurationName = Release;
		};
		5A046C3B1D73071E002B1650 /* Build configuration list for PBXNativeTarget "testhockeyTests" */ = {
			isa = XCConfigurationList;
			buildConfigurations = (
				5A046C3C1D73071E002B1650 /* Debug */,
				5A046C3D1D73071E002B1650 /* Release */,
			);
			defaultConfigurationIsVisible = 0;
			defaultConfigurationName = Release;
		};
		5A046C3E1D73071E002B1650 /* Build configuration list for PBXNativeTarget "testhockeyUITests" */ = {
			isa = XCConfigurationList;
			buildConfigurations = (
				5A046C3F1D73071E002B1650 /* Debug */,
				5A046C401D73071E002B1650 /* Release */,
			);
			defaultConfigurationIsVisible = 0;
			defaultConfigurationName = Release;
		};
/* End XCConfigurationList section */
	};
	rootObject = 5A046C031D73071C002B1650 /* Project object */;
}
